# This file is generated by running "yarn install" inside your project.
# Manual changes might be lost - proceed with caution!

__metadata:
  version: 4

"@org/package-a@workspace:packages/a":
  version: 0.0.0-use.local
  resolution: "@org/package-a@workspace:packages/a"
  languageName: unknown
  linkType: soft

"monorepo@workspace:.":
  version: 0.0.0-use.local
  resolution: "monorepo@workspace:."
  languageName: unknown
  linkType: soft

"package-b@workspace:packages/b":
  version: 0.0.0-use.local
  resolution: "package-b@workspace:packages/b"
  languageName: unknown
  linkType: soft
